// !$*UTF8*$!
{
	archiveVersion = 1;
	classes = {
	};
	objectVersion = 56;
	objects = {

/* Begin PBXBuildFile section */
		C699F6282A66A5750002A798 /* AppDelegate.swift in Sources */ = {isa = PBXBuildFile; fileRef = C699F6272A66A5750002A798 /* AppDelegate.swift */; };
		C699F62A2A66A5750002A798 /* SceneDelegate.swift in Sources */ = {isa = PBXBuildFile; fileRef = C699F6292A66A5750002A798 /* SceneDelegate.swift */; };
		C699F62C2A66A5750002A798 /* ViewController.swift in Sources */ = {isa = PBXBuildFile; fileRef = C699F62B2A66A5750002A798 /* ViewController.swift */; };
		C699F62F2A66A5750002A798 /* Main.storyboard in Resources */ = {isa = PBXBuildFile; fileRef = C699F62D2A66A5750002A798 /* Main.storyboard */; };
		C699F6312A66A5780002A798 /* Assets.xcassets in Resources */ = {isa = PBXBuildFile; fileRef = C699F6302A66A5780002A798 /* Assets.xcassets */; };
		C699F6342A66A5780002A798 /* LaunchScreen.storyboard in Resources */ = {isa = PBXBuildFile; fileRef = C699F6322A66A5780002A798 /* LaunchScreen.storyboard */; };
		C699F63F2A66A5790002A798 /* PrototypeDesignPatternExampleTests.swift in Sources */ = {isa = PBXBuildFile; fileRef = C699F63E2A66A5790002A798 /* PrototypeDesignPatternExampleTests.swift */; };
		C699F6492A66A5790002A798 /* PrototypeDesignPatternExampleUITests.swift in Sources */ = {isa = PBXBuildFile; fileRef = C699F6482A66A5790002A798 /* PrototypeDesignPatternExampleUITests.swift */; };
		C699F64B2A66A5790002A798 /* PrototypeDesignPatternExampleUITestsLaunchTests.swift in Sources */ = {isa = PBXBuildFile; fileRef = C699F64A2A66A5790002A798 /* PrototypeDesignPatternExampleUITestsLaunchTests.swift */; };
		C699F6582A66C3E90002A798 /* NameClass.swift in Sources */ = {isa = PBXBuildFile; fileRef = C699F6572A66C3E90002A798 /* NameClass.swift */; };
		C699F6592A66C3E90002A798 /* NameClass.swift in Sources */ = {isa = PBXBuildFile; fileRef = C699F6572A66C3E90002A798 /* NameClass.swift */; };
		C699F65A2A66C3E90002A798 /* NameClass.swift in Sources */ = {isa = PBXBuildFile; fileRef = C699F6572A66C3E90002A798 /* NameClass.swift */; };
/* End PBXBuildFile section */

/* Begin PBXContainerItemProxy section */
		C699F63B2A66A5790002A798 /* PBXContainerItemProxy */ = {
			isa = PBXContainerItemProxy;
			containerPortal = C699F61C2A66A5750002A798 /* Project object */;
			proxyType = 1;
			remoteGlobalIDString = C699F6232A66A5750002A798;
			remoteInfo = PrototypeDesignPatternExample;
		};
		C699F6452A66A5790002A798 /* PBXContainerItemProxy */ = {
			isa = PBXContainerItemProxy;
			containerPortal = C699F61C2A66A5750002A798 /* Project object */;
			proxyType = 1;
			remoteGlobalIDString = C699F6232A66A5750002A798;
			remoteInfo = PrototypeDesignPatternExample;
		};
/* End PBXContainerItemProxy section */

/* Begin PBXFileReference section */
		C699F6242A66A5750002A798 /* PrototypeDesignPatternExample.app */ = {isa = PBXFileReference; explicitFileType = wrapper.application; includeInIndex = 0; path = PrototypeDesignPatternExample.app; sourceTree = BUILT_PRODUCTS_DIR; };
		C699F6272A66A5750002A798 /* AppDelegate.swift */ = {isa = PBXFileReference; lastKnownFileType = sourcecode.swift; path = AppDelegate.swift; sourceTree = "<group>"; };
		C699F6292A66A5750002A798 /* SceneDelegate.swift */ = {isa = PBXFileReference; lastKnownFileType = sourcecode.swift; path = SceneDelegate.swift; sourceTree = "<group>"; };
		C699F62B2A66A5750002A798 /* ViewController.swift */ = {isa = PBXFileReference; lastKnownFileType = sourcecode.swift; path = ViewController.swift; sourceTree = "<group>"; };
		C699F62E2A66A5750002A798 /* Base */ = {isa = PBXFileReference; lastKnownFileType = file.storyboard; name = Base; path = Base.lproj/Main.storyboard; sourceTree = "<group>"; };
		C699F6302A66A5780002A798 /* Assets.xcassets */ = {isa = PBXFileReference; lastKnownFileType = folder.assetcatalog; path = Assets.xcassets; sourceTree = "<group>"; };
		C699F6332A66A5780002A798 /* Base */ = {isa = PBXFileReference; lastKnownFileType = file.storyboard; name = Base; path = Base.lproj/LaunchScreen.storyboard; sourceTree = "<group>"; };
		C699F6352A66A5780002A798 /* Info.plist */ = {isa = PBXFileReference; lastKnownFileType = text.plist.xml; path = Info.plist; sourceTree = "<group>"; };
		C699F63A2A66A5790002A798 /* PrototypeDesignPatternExampleTests.xctest */ = {isa = PBXFileReference; explicitFileType = wrapper.cfbundle; includeInIndex = 0; path = PrototypeDesignPatternExampleTests.xctest; sourceTree = BUILT_PRODUCTS_DIR; };
		C699F63E2A66A5790002A798 /* PrototypeDesignPatternExampleTests.swift */ = {isa = PBXFileReference; lastKnownFileType = sourcecode.swift; path = PrototypeDesignPatternExampleTests.swift; sourceTree = "<group>"; };
		C699F6442A66A5790002A798 /* PrototypeDesignPatternExampleUITests.xctest */ = {isa = PBXFileReference; explicitFileType = wrapper.cfbundle; includeInIndex = 0; path = PrototypeDesignPatternExampleUITests.xctest; sourceTree = BUILT_PRODUCTS_DIR; };
		C699F6482A66A5790002A798 /* PrototypeDesignPatternExampleUITests.swift */ = {isa = PBXFileReference; lastKnownFileType = sourcecode.swift; path = PrototypeDesignPatternExampleUITests.swift; sourceTree = "<group>"; };
		C699F64A2A66A5790002A798 /* PrototypeDesignPatternExampleUITestsLaunchTests.swift */ = {isa = PBXFileReference; lastKnownFileType = sourcecode.swift; path = PrototypeDesignPatternExampleUITestsLaunchTests.swift; sourceTree = "<group>"; };
		C699F6572A66C3E90002A798 /* NameClass.swift */ = {isa = PBXFileReference; lastKnownFileType = sourcecode.swift; path = NameClass.swift; sourceTree = "<group>"; };
/* End PBXFileReference section */

/* Begin PBXFrameworksBuildPhase section */
		C699F6212A66A5750002A798 /* Frameworks */ = {
			isa = PBXFrameworksBuildPhase;
			buildActionMask = 2147483647;
			files = (
			);
			runOnlyForDeploymentPostprocessing = 0;
		};
		C699F6372A66A5790002A798 /* Frameworks */ = {
			isa = PBXFrameworksBuildPhase;
			buildActionMask = 2147483647;
			files = (
			);
			runOnlyForDeploymentPostprocessing = 0;
		};
		C699F6412A66A5790002A798 /* Frameworks */ = {
			isa = PBXFrameworksBuildPhase;
			buildActionMask = 2147483647;
			files = (
			);
			runOnlyForDeploymentPostprocessing = 0;
		};
/* End PBXFrameworksBuildPhase section */

/* Begin PBXGroup section */
		C699F61B2A66A5750002A798 = {
			isa = PBXGroup;
			children = (
				C699F6262A66A5750002A798 /* PrototypeDesignPatternExample */,
				C699F63D2A66A5790002A798 /* PrototypeDesignPatternExampleTests */,
				C699F6472A66A5790002A798 /* PrototypeDesignPatternExampleUITests */,
				C699F6252A66A5750002A798 /* Products */,
			);
			sourceTree = "<group>";
		};
		C699F6252A66A5750002A798 /* Products */ = {
			isa = PBXGroup;
			children = (
				C699F6242A66A5750002A798 /* PrototypeDesignPatternExample.app */,
				C699F63A2A66A5790002A798 /* PrototypeDesignPatternExampleTests.xctest */,
				C699F6442A66A5790002A798 /* PrototypeDesignPatternExampleUITests.xctest */,
			);
			name = Products;
			sourceTree = "<group>";
		};
		C699F6262A66A5750002A798 /* PrototypeDesignPatternExample */ = {
			isa = PBXGroup;
			children = (
				C699F6272A66A5750002A798 /* AppDelegate.swift */,
				C699F6292A66A5750002A798 /* SceneDelegate.swift */,
				C699F62B2A66A5750002A798 /* ViewController.swift */,
				C699F62D2A66A5750002A798 /* Main.storyboard */,
				C699F6302A66A5780002A798 /* Assets.xcassets */,
				C699F6322A66A5780002A798 /* LaunchScreen.storyboard */,
				C699F6352A66A5780002A798 /* Info.plist */,
				C699F6572A66C3E90002A798 /* NameClass.swift */,
			);
			path = PrototypeDesignPatternExample;
			sourceTree = "<group>";
		};
		C699F63D2A66A5790002A798 /* PrototypeDesignPatternExampleTests */ = {
			isa = PBXGroup;
			children = (
				C699F63E2A66A5790002A798 /* PrototypeDesignPatternExampleTests.swift */,
			);
			path = PrototypeDesignPatternExampleTests;
			sourceTree = "<group>";
		};
		C699F6472A66A5790002A798 /* PrototypeDesignPatternExampleUITests */ = {
			isa = PBXGroup;
			children = (
				C699F6482A66A5790002A798 /* PrototypeDesignPatternExampleUITests.swift */,
				C699F64A2A66A5790002A798 /* PrototypeDesignPatternExampleUITestsLaunchTests.swift */,
			);
			path = PrototypeDesignPatternExampleUITests;
			sourceTree = "<group>";
		};
/* End PBXGroup section */

/* Begin PBXNativeTarget section */
		C699F6232A66A5750002A798 /* PrototypeDesignPatternExample */ = {
			isa = PBXNativeTarget;
			buildConfigurationList = C699F64E2A66A5790002A798 /* Build configuration list for PBXNativeTarget "PrototypeDesignPatternExample" */;
			buildPhases = (
				C699F6202A66A5750002A798 /* Sources */,
				C699F6212A66A5750002A798 /* Frameworks */,
				C699F6222A66A5750002A798 /* Resources */,
			);
			buildRules = (
			);
			dependencies = (
			);
			name = PrototypeDesignPatternExample;
			productName = PrototypeDesignPatternExample;
			productReference = C699F6242A66A5750002A798 /* PrototypeDesignPatternExample.app */;
			productType = "com.apple.product-type.application";
		};
		C699F6392A66A5790002A798 /* PrototypeDesignPatternExampleTests */ = {
			isa = PBXNativeTarget;
			buildConfigurationList = C699F6512A66A5790002A798 /* Build configuration list for PBXNativeTarget "PrototypeDesignPatternExampleTests" */;
			buildPhases = (
				C699F6362A66A5790002A798 /* Sources */,
				C699F6372A66A5790002A798 /* Frameworks */,
				C699F6382A66A5790002A798 /* Resources */,
			);
			buildRules = (
			);
			dependencies = (
				C699F63C2A66A5790002A798 /* PBXTargetDependency */,
			);
			name = PrototypeDesignPatternExampleTests;
			productName = PrototypeDesignPatternExampleTests;
			productReference = C699F63A2A66A5790002A798 /* PrototypeDesignPatternExampleTests.xctest */;
			productType = "com.apple.product-type.bundle.unit-test";
		};
		C699F6432A66A5790002A798 /* PrototypeDesignPatternExampleUITests */ = {
			isa = PBXNativeTarget;
			buildConfigurationList = C699F6542A66A5790002A798 /* Build configuration list for PBXNativeTarget "PrototypeDesignPatternExampleUITests" */;
			buildPhases = (
				C699F6402A66A5790002A798 /* Sources */,
				C699F6412A66A5790002A798 /* Frameworks */,
				C699F6422A66A5790002A798 /* Resources */,
			);
			buildRules = (
			);
			dependencies = (
				C699F6462A66A5790002A798 /* PBXTargetDependency */,
			);
			name = PrototypeDesignPatternExampleUITests;
			productName = PrototypeDesignPatternExampleUITests;
			productReference = C699F6442A66A5790002A798 /* PrototypeDesignPatternExampleUITests.xctest */;
			productType = "com.apple.product-type.bundle.ui-testing";
		};
/* End PBXNativeTarget section */

/* Begin PBXProject section */
		C699F61C2A66A5750002A798 /* Project object */ = {
			isa = PBXProject;
			attributes = {
				BuildIndependentTargetsInParallel = 1;
				LastSwiftUpdateCheck = 1420;
				LastUpgradeCheck = 1420;
				TargetAttributes = {
					C699F6232A66A5750002A798 = {
						CreatedOnToolsVersion = 14.2;
					};
					C699F6392A66A5790002A798 = {
						CreatedOnToolsVersion = 14.2;
						TestTargetID = C699F6232A66A5750002A798;
					};
					C699F6432A66A5790002A798 = {
						CreatedOnToolsVersion = 14.2;
						TestTargetID = C699F6232A66A5750002A798;
					};
				};
			};
			buildConfigurationList = C699F61F2A66A5750002A798 /* Build configuration list for PBXProject "PrototypeDesignPatternExample" */;
			compatibilityVersion = "Xcode 14.0";
			developmentRegion = en;
			hasScannedForEncodings = 0;
			knownRegions = (
				en,
				Base,
			);
			mainGroup = C699F61B2A66A5750002A798;
			productRefGroup = C699F6252A66A5750002A798 /* Products */;
			projectDirPath = "";
			projectRoot = "";
			targets = (
				C699F6232A66A5750002A798 /* PrototypeDesignPatternExample */,
				C699F6392A66A5790002A798 /* PrototypeDesignPatternExampleTests */,
				C699F6432A66A5790002A798 /* PrototypeDesignPatternExampleUITests */,
			);
		};
/* End PBXProject section */

/* Begin PBXResourcesBuildPhase section */
		C699F6222A66A5750002A798 /* Resources */ = {
			isa = PBXResourcesBuildPhase;
			buildActionMask = 2147483647;
			files = (
				C699F6342A66A5780002A798 /* LaunchScreen.storyboard in Resources */,
				C699F6312A66A5780002A798 /* Assets.xcassets in Resources */,
				C699F62F2A66A5750002A798 /* Main.storyboard in Resources */,
			);
			runOnlyForDeploymentPostprocessing = 0;
		};
		C699F6382A66A5790002A798 /* Resources */ = {
			isa = PBXResourcesBuildPhase;
			buildActionMask = 2147483647;
			files = (
			);
			runOnlyForDeploymentPostprocessing = 0;
		};
		C699F6422A66A5790002A798 /* Resources */ = {
			isa = PBXResourcesBuildPhase;
			buildActionMask = 2147483647;
			files = (
			);
			runOnlyForDeploymentPostprocessing = 0;
		};
/* End PBXResourcesBuildPhase section */

/* Begin PBXSourcesBuildPhase section */
		C699F6202A66A5750002A798 /* Sources */ = {
			isa = PBXSourcesBuildPhase;
			buildActionMask = 2147483647;
			files = (
				C699F62C2A66A5750002A798 /* ViewController.swift in Sources */,
				C699F6582A66C3E90002A798 /* NameClass.swift in Sources */,
				C699F6282A66A5750002A798 /* AppDelegate.swift in Sources */,
				C699F62A2A66A5750002A798 /* SceneDelegate.swift in Sources */,
			);
			runOnlyForDeploymentPostprocessing = 0;
		};
		C699F6362A66A5790002A798 /* Sources */ = {
			isa = PBXSourcesBuildPhase;
			buildActionMask = 2147483647;
			files = (
				C699F63F2A66A5790002A798 /* PrototypeDesignPatternExampleTests.swift in Sources */,
				C699F6592A66C3E90002A798 /* NameClass.swift in Sources */,
			);
			runOnlyForDeploymentPostprocessing = 0;
		};
		C699F6402A66A5790002A798 /* Sources */ = {
			isa = PBXSourcesBuildPhase;
			buildActionMask = 2147483647;
			files = (
				C699F6492A66A5790002A798 /* PrototypeDesignPatternExampleUITests.swift in Sources */,
				C699F65A2A66C3E90002A798 /* NameClass.swift in Sources */,
				C699F64B2A66A5790002A798 /* PrototypeDesignPatternExampleUITestsLaunchTests.swift in Sources */,
			);
			runOnlyForDeploymentPostprocessing = 0;
		};
/* End PBXSourcesBuildPhase section */

/* Begin PBXTargetDependency section */
		C699F63C2A66A5790002A798 /* PBXTargetDependency */ = {
			isa = PBXTargetDependency;
			target = C699F6232A66A5750002A798 /* PrototypeDesignPatternExample */;
			targetProxy = C699F63B2A66A5790002A798 /* PBXContainerItemProxy */;
		};
		C699F6462A66A5790002A798 /* PBXTargetDependency */ = {
			isa = PBXTargetDependency;
			target = C699F6232A66A5750002A798 /* PrototypeDesignPatternExample */;
			targetProxy = C699F6452A66A5790002A798 /* PBXContainerItemProxy */;
		};
/* End PBXTargetDependency section */

/* Begin PBXVariantGroup section */
		C699F62D2A66A5750002A798 /* Main.storyboard */ = {
			isa = PBXVariantGroup;
			children = (
				C699F62E2A66A5750002A798 /* Base */,
			);
			name = Main.storyboard;
			sourceTree = "<group>";
		};
		C699F6322A66A5780002A798 /* LaunchScreen.storyboard */ = {
			isa = PBXVariantGroup;
			children = (
				C699F6332A66A5780002A798 /* Base */,
			);
			name = LaunchScreen.storyboard;
			sourceTree = "<group>";
		};
/* End PBXVariantGroup section */

/* Begin XCBuildConfiguration section */
		C699F64C2A66A5790002A798 /* Debug */ = {
			isa = XCBuildConfiguration;
			buildSettings = {
				ALWAYS_SEARCH_USER_PATHS = NO;
				CLANG_ANALYZER_NONNULL = YES;
				CLANG_ANALYZER_NUMBER_OBJECT_CONVERSION = YES_AGGRESSIVE;
				CLANG_CXX_LANGUAGE_STANDARD = "gnu++20";
				CLANG_ENABLE_MODULES = YES;
				CLANG_ENABLE_OBJC_ARC = YES;
				CLANG_ENABLE_OBJC_WEAK = YES;
				CLANG_WARN_BLOCK_CAPTURE_AUTORELEASING = YES;
				CLANG_WARN_BOOL_CONVERSION = YES;
				CLANG_WARN_COMMA = YES;
				CLANG_WARN_CONSTANT_CONVERSION = YES;
				CLANG_WARN_DEPRECATED_OBJC_IMPLEMENTATIONS = YES;
				CLANG_WARN_DIRECT_OBJC_ISA_USAGE = YES_ERROR;
				CLANG_WARN_DOCUMENTATION_COMMENTS = YES;
				CLANG_WARN_EMPTY_BODY = YES;
				CLANG_WARN_ENUM_CONVERSION = YES;
				CLANG_WARN_INFINITE_RECURSION = YES;
				CLANG_WARN_INT_CONVERSION = YES;
				CLANG_WARN_NON_LITERAL_NULL_CONVERSION = YES;
				CLANG_WARN_OBJC_IMPLICIT_RETAIN_SELF = YES;
				CLANG_WARN_OBJC_LITERAL_CONVERSION = YES;
				CLANG_WARN_OBJC_ROOT_CLASS = YES_ERROR;
				CLANG_WARN_QUOTED_INCLUDE_IN_FRAMEWORK_HEADER = YES;
				CLANG_WARN_RANGE_LOOP_ANALYSIS = YES;
				CLANG_WARN_STRICT_PROTOTYPES = YES;
				CLANG_WARN_SUSPICIOUS_MOVE = YES;
				CLANG_WARN_UNGUARDED_AVAILABILITY = YES_AGGRESSIVE;
				CLANG_WARN_UNREACHABLE_CODE = YES;
				CLANG_WARN__DUPLICATE_METHOD_MATCH = YES;
				COPY_PHASE_STRIP = NO;
				DEBUG_INFORMATION_FORMAT = dwarf;
				ENABLE_STRICT_OBJC_MSGSEND = YES;
				ENABLE_TESTABILITY = YES;
				GCC_C_LANGUAGE_STANDARD = gnu11;
				GCC_DYNAMIC_NO_PIC = NO;
				GCC_NO_COMMON_BLOCKS = YES;
				GCC_OPTIMIZATION_LEVEL = 0;
				GCC_PREPROCESSOR_DEFINITIONS = (
					"DEBUG=1",
					"$(inherited)",
				);
				GCC_WARN_64_TO_32_BIT_CONVERSION = YES;
				GCC_WARN_ABOUT_RETURN_TYPE = YES_ERROR;
				GCC_WARN_UNDECLARED_SELECTOR = YES;
				GCC_WARN_UNINITIALIZED_AUTOS = YES_AGGRESSIVE;
				GCC_WARN_UNUSED_FUNCTION = YES;
				GCC_WARN_UNUSED_VARIABLE = YES;
				IPHONEOS_DEPLOYMENT_TARGET = 16.2;
				MTL_ENABLE_DEBUG_INFO = INCLUDE_SOURCE;
				MTL_FAST_MATH = YES;
				ONLY_ACTIVE_ARCH = YES;
				SDKROOT = iphoneos;
				SWIFT_ACTIVE_COMPILATION_CONDITIONS = DEBUG;
				SWIFT_OPTIMIZATION_LEVEL = "-Onone";
			};
			name = Debug;
		};
		C699F64D2A66A5790002A798 /* Release */ = {
			isa = XCBuildConfiguration;
			buildSettings = {
				ALWAYS_SEARCH_USER_PATHS = NO;
				CLANG_ANALYZER_NONNULL = YES;
				CLANG_ANALYZER_NUMBER_OBJECT_CONVERSION = YES_AGGRESSIVE;
				CLANG_CXX_LANGUAGE_STANDARD = "gnu++20";
				CLANG_ENABLE_MODULES = YES;
				CLANG_ENABLE_OBJC_ARC = YES;
				CLANG_ENABLE_OBJC_WEAK = YES;
				CLANG_WARN_BLOCK_CAPTURE_AUTORELEASING = YES;
				CLANG_WARN_BOOL_CONVERSION = YES;
				CLANG_WARN_COMMA = YES;
				CLANG_WARN_CONSTANT_CONVERSION = YES;
				CLANG_WARN_DEPRECATED_OBJC_IMPLEMENTATIONS = YES;
				CLANG_WARN_DIRECT_OBJC_ISA_USAGE = YES_ERROR;
				CLANG_WARN_DOCUMENTATION_COMMENTS = YES;
				CLANG_WARN_EMPTY_BODY = YES;
				CLANG_WARN_ENUM_CONVERSION = YES;
				CLANG_WARN_INFINITE_RECURSION = YES;
				CLANG_WARN_INT_CONVERSION = YES;
				CLANG_WARN_NON_LITERAL_NULL_CONVERSION = YES;
				CLANG_WARN_OBJC_IMPLICIT_RETAIN_SELF = YES;
				CLANG_WARN_OBJC_LITERAL_CONVERSION = YES;
				CLANG_WARN_OBJC_ROOT_CLASS = YES_ERROR;
				CLANG_WARN_QUOTED_INCLUDE_IN_FRAMEWORK_HEADER = YES;
				CLANG_WARN_RANGE_LOOP_ANALYSIS = YES;
				CLANG_WARN_STRICT_PROTOTYPES = YES;
				CLANG_WARN_SUSPICIOUS_MOVE = YES;
				CLANG_WARN_UNGUARDED_AVAILABILITY = YES_AGGRESSIVE;
				CLANG_WARN_UNREACHABLE_CODE = YES;
				CLANG_WARN__DUPLICATE_METHOD_MATCH = YES;
				COPY_PHASE_STRIP = NO;
				DEBUG_INFORMATION_FORMAT = "dwarf-with-dsym";
				ENABLE_NS_ASSERTIONS = NO;
				ENABLE_STRICT_OBJC_MSGSEND = YES;
				GCC_C_LANGUAGE_STANDARD = gnu11;
				GCC_NO_COMMON_BLOCKS = YES;
				GCC_WARN_64_TO_32_BIT_CONVERSION = YES;
				GCC_WARN_ABOUT_RETURN_TYPE = YES_ERROR;
				GCC_WARN_UNDECLARED_SELECTOR = YES;
				GCC_WARN_UNINITIALIZED_AUTOS = YES_AGGRESSIVE;
				GCC_WARN_UNUSED_FUNCTION = YES;
				GCC_WARN_UNUSED_VARIABLE = YES;
				IPHONEOS_DEPLOYMENT_TARGET = 16.2;
				MTL_ENABLE_DEBUG_INFO = NO;
				MTL_FAST_MATH = YES;
				SDKROOT = iphoneos;
				SWIFT_COMPILATION_MODE = wholemodule;
				SWIFT_OPTIMIZATION_LEVEL = "-O";
				VALIDATE_PRODUCT = YES;
			};
			name = Release;
		};
		C699F64F2A66A5790002A798 /* Debug */ = {
			isa = XCBuildConfiguration;
			buildSettings = {
				ASSETCATALOG_COMPILER_APPICON_NAME = AppIcon;
				ASSETCATALOG_COMPILER_GLOBAL_ACCENT_COLOR_NAME = AccentColor;
				CODE_SIGN_STYLE = Automatic;
				CURRENT_PROJECT_VERSION = 1;
				DEVELOPMENT_TEAM = JXQ54B2CD8;
				GENERATE_INFOPLIST_FILE = YES;
				INFOPLIST_FILE = PrototypeDesignPatternExample/Info.plist;
				INFOPLIST_KEY_UIApplicationSupportsIndirectInputEvents = YES;
				INFOPLIST_KEY_UILaunchStoryboardName = LaunchScreen;
				INFOPLIST_KEY_UIMainStoryboardFile = Main;
				INFOPLIST_KEY_UISupportedInterfaceOrientations_iPad = "UIInterfaceOrientationPortrait UIInterfaceOrientationPortraitUpsideDown UIInterfaceOrientationLandscapeLeft UIInterfaceOrientationLandscapeRight";
				INFOPLIST_KEY_UISupportedInterfaceOrientations_iPhone = "UIInterfaceOrientationPortrait UIInterfaceOrientationLandscapeLeft UIInterfaceOrientationLandscapeRight";
				LD_RUNPATH_SEARCH_PATHS = (
					"$(inherited)",
					"@executable_path/Frameworks",
				);
				MARKETING_VERSION = 1.0;
				PRODUCT_BUNDLE_IDENTIFIER = com.ho.PrototypeDesignPatternExample;
				PRODUCT_NAME = "$(TARGET_NAME)";
				SWIFT_EMIT_LOC_STRINGS = YES;
				SWIFT_VERSION = 5.0;
				TARGETED_DEVICE_FAMILY = "1,2";
			};
			name = Debug;
		};
		C699F6502A66A5790002A798 /* Release */ = {
			isa = XCBuildConfiguration;
			buildSettings = {
				ASSETCATALOG_COMPILER_APPICON_NAME = AppIcon;
				ASSETCATALOG_COMPILER_GLOBAL_ACCENT_COLOR_NAME = AccentColor;
				CODE_SIGN_STYLE = Automatic;
				CURRENT_PROJECT_VERSION = 1;
				DEVELOPMENT_TEAM = JXQ54B2CD8;
				GENERATE_INFOPLIST_FILE = YES;
				INFOPLIST_FILE = PrototypeDesignPatternExample/Info.plist;
				INFOPLIST_KEY_UIApplicationSupportsIndirectInputEvents = YES;
				INFOPLIST_KEY_UILaunchStoryboardName = LaunchScreen;
				INFOPLIST_KEY_UIMainStoryboardFile = Main;
				INFOPLIST_KEY_UISupportedInterfaceOrientations_iPad = "UIInterfaceOrientationPortrait UIInterfaceOrientationPortraitUpsideDown UIInterfaceOrientationLandscapeLeft UIInterfaceOrientationLandscapeRight";
				INFOPLIST_KEY_UISupportedInterfaceOrientations_iPhone = "UIInterfaceOrientationPortrait UIInterfaceOrientationLandscapeLeft UIInterfaceOrientationLandscapeRight";
				LD_RUNPATH_SEARCH_PATHS = (
					"$(inherited)",
					"@executable_path/Frameworks",
				);
				MARKETING_VERSION = 1.0;
				PRODUCT_BUNDLE_IDENTIFIER = com.ho.PrototypeDesignPatternExample;
				PRODUCT_NAME = "$(TARGET_NAME)";
				SWIFT_EMIT_LOC_STRINGS = YES;
				SWIFT_VERSION = 5.0;
				TARGETED_DEVICE_FAMILY = "1,2";
			};
			name = Release;
		};
		C699F6522A66A5790002A798 /* Debug */ = {
			isa = XCBuildConfiguration;
			buildSettings = {
				ALWAYS_EMBED_SWIFT_STANDARD_LIBRARIES = YES;
				BUNDLE_LOADER = "$(TEST_HOST)";
				CODE_SIGN_STYLE = Automatic;
				CURRENT_PROJECT_VERSION = 1;
				DEVELOPMENT_TEAM = JXQ54B2CD8;
				GENERATE_INFOPLIST_FILE = YES;
				IPHONEOS_DEPLOYMENT_TARGET = 16.2;
				MARKETING_VERSION = 1.0;
				PRODUCT_BUNDLE_IDENTIFIER = com.ho.PrototypeDesignPatternExampleTests;
				PRODUCT_NAME = "$(TARGET_NAME)";
				SWIFT_EMIT_LOC_STRINGS = NO;
				SWIFT_VERSION = 5.0;
				TARGETED_DEVICE_FAMILY = "1,2";
				TEST_HOST = "$(BUILT_PRODUCTS_DIR)/PrototypeDesignPatternExample.app/$(BUNDLE_EXECUTABLE_FOLDER_PATH)/PrototypeDesignPatternExample";
			};
			name = Debug;
		};
		C699F6532A66A5790002A798 /* Release */ = {
			isa = XCBuildConfiguration;
			buildSettings = {
				ALWAYS_EMBED_SWIFT_STANDARD_LIBRARIES = YES;
				BUNDLE_LOADER = "$(TEST_HOST)";
				CODE_SIGN_STYLE = Automatic;
				CURRENT_PROJECT_VERSION = 1;
				DEVELOPMENT_TEAM = JXQ54B2CD8;
				GENERATE_INFOPLIST_FILE = YES;
				IPHONEOS_DEPLOYMENT_TARGET = 16.2;
				MARKETING_VERSION = 1.0;
				PRODUCT_BUNDLE_IDENTIFIER = com.ho.PrototypeDesignPatternExampleTests;
				PRODUCT_NAME = "$(TARGET_NAME)";
				SWIFT_EMIT_LOC_STRINGS = NO;
				SWIFT_VERSION = 5.0;
				TARGETED_DEVICE_FAMILY = "1,2";
				TEST_HOST = "$(BUILT_PRODUCTS_DIR)/PrototypeDesignPatternExample.app/$(BUNDLE_EXECUTABLE_FOLDER_PATH)/PrototypeDesignPatternExample";
			};
			name = Release;
		};
		C699F6552A66A5790002A798 /* Debug */ = {
			isa = XCBuildConfiguration;
			buildSettings = {
				ALWAYS_EMBED_SWIFT_STANDARD_LIBRARIES = YES;
				CODE_SIGN_STYLE = Automatic;
				CURRENT_PROJECT_VERSION = 1;
				DEVELOPMENT_TEAM = JXQ54B2CD8;
				GENERATE_INFOPLIST_FILE = YES;
				MARKETING_VERSION = 1.0;
				PRODUCT_BUNDLE_IDENTIFIER = com.ho.PrototypeDesignPatternExampleUITests;
				PRODUCT_NAME = "$(TARGET_NAME)";
				SWIFT_EMIT_LOC_STRINGS = NO;
				SWIFT_VERSION = 5.0;
				TARGETED_DEVICE_FAMILY = "1,2";
				TEST_TARGET_NAME = PrototypeDesignPatternExample;
			};
			name = Debug;
		};
		C699F6562A66A5790002A798 /* Release */ = {
			isa = XCBuildConfiguration;
			buildSettings = {
				ALWAYS_EMBED_SWIFT_STANDARD_LIBRARIES = YES;
				CODE_SIGN_STYLE = Automatic;
				CURRENT_PROJECT_VERSION = 1;
				DEVELOPMENT_TEAM = JXQ54B2CD8;
				GENERATE_INFOPLIST_FILE = YES;
				MARKETING_VERSION = 1.0;
				PRODUCT_BUNDLE_IDENTIFIER = com.ho.PrototypeDesignPatternExampleUITests;
				PRODUCT_NAME = "$(TARGET_NAME)";
				SWIFT_EMIT_LOC_STRINGS = NO;
				SWIFT_VERSION = 5.0;
				TARGETED_DEVICE_FAMILY = "1,2";
				TEST_TARGET_NAME = PrototypeDesignPatternExample;
			};
			name = Release;
		};
/* End XCBuildConfiguration section */

/* Begin XCConfigurationList section */
		C699F61F2A66A5750002A798 /* Build configuration list for PBXProject "PrototypeDesignPatternExample" */ = {
			isa = XCConfigurationList;
			buildConfigurations = (
				C699F64C2A66A5790002A798 /* Debug */,
				C699F64D2A66A5790002A798 /* Release */,
			);
			defaultConfigurationIsVisible = 0;
			defaultConfigurationName = Release;
		};
		C699F64E2A66A5790002A798 /* Build configuration list for PBXNativeTarget "PrototypeDesignPatternExample" */ = {
			isa = XCConfigurationList;
			buildConfigurations = (
				C699F64F2A66A5790002A798 /* Debug */,
				C699F6502A66A5790002A798 /* Release */,
			);
			defaultConfigurationIsVisible = 0;
			defaultConfigurationName = Release;
		};
		C699F6512A66A5790002A798 /* Build configuration list for PBXNativeTarget "PrototypeDesignPatternExampleTests" */ = {
			isa = XCConfigurationList;
			buildConfigurations = (
				C699F6522A66A5790002A798 /* Debug */,
				C699F6532A66A5790002A798 /* Release */,
			);
			defaultConfigurationIsVisible = 0;
			defaultConfigurationName = Release;
		};
		C699F6542A66A5790002A798 /* Build configuration list for PBXNativeTarget "PrototypeDesignPatternExampleUITests" */ = {
			isa = XCConfigurationList;
			buildConfigurations = (
				C699F6552A66A5790002A798 /* Debug */,
				C699F6562A66A5790002A798 /* Release */,
			);
			defaultConfigurationIsVisible = 0;
			defaultConfigurationName = Release;
		};
/* End XCConfigurationList section */
	};
	rootObject = C699F61C2A66A5750002A798 /* Project object */;
}
